
Microsoft Visual Studio Solution File, Format Version 12.00
# Visual Studio Version 16
VisualStudioVersion = 16.0.30114.105
MinimumVisualStudioVersion = 10.0.40219.1
Project("{2150E333-8FDC-42A3-9474-1A3956D46DE8}") = "src", "src", "{67D8487D-F355-4942-BA10-C67CFC79388F}"
EndProject
Project("{FAE04EC0-301F-11D3-BF4B-00C04F79EFBC}") = "CommandAPI", "src\CommandAPI\CommandAPI.csproj", "{CDE3E39A-0B0B-4088-9968-074D262A5F69}"
EndProject
Project("{2150E333-8FDC-42A3-9474-1A3956D46DE8}") = "test", "test", "{81559B0E-4391-4A59-898B-FC7B6B5A36DB}"
EndProject
Project("{FAE04EC0-301F-11D3-BF4B-00C04F79EFBC}") = "CommandAPI.Tests", "test\CommandAPI.Tests\CommandAPI.Tests.csproj", "{2528617D-D825-4098-B515-91AD2CC1F94F}"
EndProject
Global
	GlobalSection(SolutionConfigurationPlatforms) = preSolution
		Debug|Any CPU = Debug|Any CPU
		Debug|x64 = Debug|x64
		Debug|x86 = Debug|x86
		Release|Any CPU = Release|Any CPU
		Release|x64 = Release|x64
		Release|x86 = Release|x86
	EndGlobalSection
	GlobalSection(SolutionProperties) = preSolution
		HideSolutionNode = FALSE
	EndGlobalSection
	GlobalSection(ProjectConfigurationPlatforms) = postSolution
		{CDE3E39A-0B0B-4088-9968-074D262A5F69}.Debug|Any CPU.ActiveCfg = Debug|Any CPU
		{CDE3E39A-0B0B-4088-9968-074D262A5F69}.Debug|Any CPU.Build.0 = Debug|Any CPU
		{CDE3E39A-0B0B-4088-9968-074D262A5F69}.Debug|x64.ActiveCfg = Debug|Any CPU
		{CDE3E39A-0B0B-4088-9968-074D262A5F69}.Debug|x64.Build.0 = Debug|Any CPU
		{CDE3E39A-0B0B-4088-9968-074D262A5F69}.Debug|x86.ActiveCfg = Debug|Any CPU
		{CDE3E39A-0B0B-4088-9968-074D262A5F69}.Debug|x86.Build.0 = Debug|Any CPU
		{CDE3E39A-0B0B-4088-9968-074D262A5F69}.Release|Any CPU.ActiveCfg = Release|Any CPU
		{CDE3E39A-0B0B-4088-9968-074D262A5F69}.Release|Any CPU.Build.0 = Release|Any CPU
		{CDE3E39A-0B0B-4088-9968-074D262A5F69}.Release|x64.ActiveCfg = Release|Any CPU
		{CDE3E39A-0B0B-4088-9968-074D262A5F69}.Release|x64.Build.0 = Release|Any CPU
		{CDE3E39A-0B0B-4088-9968-074D262A5F69}.Release|x86.ActiveCfg = Release|Any CPU
		{CDE3E39A-0B0B-4088-9968-074D262A5F69}.Release|x86.Build.0 = Release|Any CPU
		{2528617D-D825-4098-B515-91AD2CC1F94F}.Debug|Any CPU.ActiveCfg = Debug|Any CPU
		{2528617D-D825-4098-B515-91AD2CC1F94F}.Debug|Any CPU.Build.0 = Debug|Any CPU
		{2528617D-D825-4098-B515-91AD2CC1F94F}.Debug|x64.ActiveCfg = Debug|Any CPU
		{2528617D-D825-4098-B515-91AD2CC1F94F}.Debug|x64.Build.0 = Debug|Any CPU
		{2528617D-D825-4098-B515-91AD2CC1F94F}.Debug|x86.ActiveCfg = Debug|Any CPU
		{2528617D-D825-4098-B515-91AD2CC1F94F}.Debug|x86.Build.0 = Debug|Any CPU
		{2528617D-D825-4098-B515-91AD2CC1F94F}.Release|Any CPU.ActiveCfg = Release|Any CPU
		{2528617D-D825-4098-B515-91AD2CC1F94F}.Release|Any CPU.Build.0 = Release|Any CPU
		{2528617D-D825-4098-B515-91AD2CC1F94F}.Release|x64.ActiveCfg = Release|Any CPU
		{2528617D-D825-4098-B515-91AD2CC1F94F}.Release|x64.Build.0 = Release|Any CPU
		{2528617D-D825-4098-B515-91AD2CC1F94F}.Release|x86.ActiveCfg = Release|Any CPU
		{2528617D-D825-4098-B515-91AD2CC1F94F}.Release|x86.Build.0 = Release|Any CPU
	EndGlobalSection
	GlobalSection(NestedProjects) = preSolution
		{CDE3E39A-0B0B-4088-9968-074D262A5F69} = {67D8487D-F355-4942-BA10-C67CFC79388F}
		{2528617D-D825-4098-B515-91AD2CC1F94F} = {81559B0E-4391-4A59-898B-FC7B6B5A36DB}
	EndGlobalSection
EndGlobal
